
Microsoft Visual Studio Solution File, Format Version 12.00
# Visual Studio Version 17
VisualStudioVersion = 17.9.34607.119
MinimumVisualStudioVersion = 10.0.40219.1
Project("{FAE04EC0-301F-11D3-BF4B-00C04F79EFBC}") = "eORS.API", "eORS.API\eORS.API.csproj", "{620458F2-E8AA-4F17-8D33-708D2C29455B}"
EndProject
Project("{FAE04EC0-301F-11D3-BF4B-00C04F79EFBC}") = "eORS.Domain", "eORS.Domain\eORS.Domain.csproj", "{832EF3AC-26AE-4588-B7C5-DC627FADF6FC}"
EndProject
Project("{FAE04EC0-301F-11D3-BF4B-00C04F79EFBC}") = "eORS.Application", "eORS.Application\eORS.Application.csproj", "{69D1A165-D317-4758-925C-71E356A3679A}"
EndProject
Project("{FAE04EC0-301F-11D3-BF4B-00C04F79EFBC}") = "eORS.Infrastructure", "eORS.Infrastructure\eORS.Infrastructure.csproj", "{3BD564F7-675B-4EB5-ABE0-92CCA3356994}"
EndProject
Project("{FAE04EC0-301F-11D3-BF4B-00C04F79EFBC}") = "eORS.Shared", "eORS.Shared\eORS.Shared.csproj", "{176015FE-6F48-4778-98BA-F502F896F33C}"
EndProject
Global
	GlobalSection(SolutionConfigurationPlatforms) = preSolution
		Debug|Any CPU = Debug|Any CPU
		Release|Any CPU = Release|Any CPU
	EndGlobalSection
	GlobalSection(ProjectConfigurationPlatforms) = postSolution
		{620458F2-E8AA-4F17-8D33-708D2C29455B}.Debug|Any CPU.ActiveCfg = Debug|Any CPU
		{620458F2-E8AA-4F17-8D33-708D2C29455B}.Debug|Any CPU.Build.0 = Debug|Any CPU
		{620458F2-E8AA-4F17-8D33-708D2C29455B}.Release|Any CPU.ActiveCfg = Release|Any CPU
		{620458F2-E8AA-4F17-8D33-708D2C29455B}.Release|Any CPU.Build.0 = Release|Any CPU
		{832EF3AC-26AE-4588-B7C5-DC627FADF6FC}.Debug|Any CPU.ActiveCfg = Debug|Any CPU
		{832EF3AC-26AE-4588-B7C5-DC627FADF6FC}.Debug|Any CPU.Build.0 = Debug|Any CPU
		{832EF3AC-26AE-4588-B7C5-DC627FADF6FC}.Release|Any CPU.ActiveCfg = Release|Any CPU
		{832EF3AC-26AE-4588-B7C5-DC627FADF6FC}.Release|Any CPU.Build.0 = Release|Any CPU
		{69D1A165-D317-4758-925C-71E356A3679A}.Debug|Any CPU.ActiveCfg = Debug|Any CPU
		{69D1A165-D317-4758-925C-71E356A3679A}.Debug|Any CPU.Build.0 = Debug|Any CPU
		{69D1A165-D317-4758-925C-71E356A3679A}.Release|Any CPU.ActiveCfg = Release|Any CPU
		{69D1A165-D317-4758-925C-71E356A3679A}.Release|Any CPU.Build.0 = Release|Any CPU
		{3BD564F7-675B-4EB5-ABE0-92CCA3356994}.Debug|Any CPU.ActiveCfg = Debug|Any CPU
		{3BD564F7-675B-4EB5-ABE0-92CCA3356994}.Debug|Any CPU.Build.0 = Debug|Any CPU
		{3BD564F7-675B-4EB5-ABE0-92CCA3356994}.Release|Any CPU.ActiveCfg = Release|Any CPU
		{3BD564F7-675B-4EB5-ABE0-92CCA3356994}.Release|Any CPU.Build.0 = Release|Any CPU
		{176015FE-6F48-4778-98BA-F502F896F33C}.Debug|Any CPU.ActiveCfg = Debug|Any CPU
		{176015FE-6F48-4778-98BA-F502F896F33C}.Debug|Any CPU.Build.0 = Debug|Any CPU
		{176015FE-6F48-4778-98BA-F502F896F33C}.Release|Any CPU.ActiveCfg = Release|Any CPU
		{176015FE-6F48-4778-98BA-F502F896F33C}.Release|Any CPU.Build.0 = Release|Any CPU
	EndGlobalSection
	GlobalSection(SolutionProperties) = preSolution
		HideSolutionNode = FALSE
	EndGlobalSection
	GlobalSection(ExtensibilityGlobals) = postSolution
		SolutionGuid = {D8A31585-2564-4305-85B9-F926D8BB5CAE}
	EndGlobalSection
EndGlobal
